<?xml version="1.0" encoding="utf-8"?>
<Project ToolsVersion="4.0" xmlns="http://schemas.microsoft.com/developer/msbuild/2003">
  <ItemGroup>
    <Filter Include="Deps">
      <UniqueIdentifier>{35c0f18e-64b4-4ee5-b269-dcdd631fa8b6}</UniqueIdentifier>
    </Filter>
    <Filter Include="Deps\ImGui">
      <UniqueIdentifier>{0a35ea27-9c38-42db-a051-ed5d117ee8ee}</UniqueIdentifier>
    </Filter>
    <Filter Include="Turbine">
      <UniqueIdentifier>{d52dd478-83f2-4212-875e-da86996b624e}</UniqueIdentifier>
    </Filter>
    <Filter Include="Turbine\Math">
      <UniqueIdentifier>{b31f6836-5dc7-463d-85ad-bd901e554568}</UniqueIdentifier>
    </Filter>
    <Filter Include="Turbine\Debug">
      <UniqueIdentifier>{429d7e7b-752b-4d30-ba7b-f141219b76e0}</UniqueIdentifier>
    </Filter>
    <Filter Include="Turbine\Input">
      <UniqueIdentifier>{af0b66b1-cf2c-43db-9433-9ceef2b6b644}</UniqueIdentifier>
    </Filter>
    <Filter Include="Turbine\Objects">
      <UniqueIdentifier>{abc69a04-4206-410a-9a57-b899d8d37494}</UniqueIdentifier>
    </Filter>
    <Filter Include="Turbine\Gfx">
      <UniqueIdentifier>{12a91a57-e64a-478c-b020-ab3bc0465dfc}</UniqueIdentifier>
    </Filter>
    <Filter Include="Turbine\Game">
      <UniqueIdentifier>{26351a8f-7d6c-4536-9702-2687f7880e10}</UniqueIdentifier>
    </Filter>
    <Filter Include="Turbine\Source">
      <UniqueIdentifier>{2f621186-3722-4f6a-87c3-e49dc7463bdc}</UniqueIdentifier>
    </Filter>
    <Filter Include="Turbine\Gfx\Particles">
      <UniqueIdentifier>{54baa74d-d6cf-46b2-ae1d-6f6112ab5fd4}</UniqueIdentifier>
    </Filter>
    <Filter Include="Turbine\Gfx\Level">
      <UniqueIdentifier>{39bdfcca-227b-491f-9fbe-59117d2b81d4}</UniqueIdentifier>
    </Filter>
    <Filter Include="Turbine\Gfx\Camera">
      <UniqueIdentifier>{d49e2232-1a63-477d-bfa8-16df63b99001}</UniqueIdentifier>
    </Filter>
  </ItemGroup>
  <ItemGroup>
    <ClCompile Include="deps\ImGui\imgui_draw.cpp">
      <Filter>Deps\ImGui</Filter>
    </ClCompile>
    <ClCompile Include="deps\ImGui\imgui_widgets.cpp">
      <Filter>Deps\ImGui</Filter>
    </ClCompile>
    <ClCompile Include="deps\ImGui\imgui-SFML.cpp">
      <Filter>Deps\ImGui</Filter>
    </ClCompile>
    <ClCompile Include="deps\ImGui\imgui.cpp">
      <Filter>Deps\ImGui</Filter>
    </ClCompile>
    <ClCompile Include="deps\ImGui\imgui_demo.cpp">
      <Filter>Deps\ImGui</Filter>
    </ClCompile>
    <ClCompile Include="src\particle.cpp">
      <Filter>Turbine\Source</Filter>
    </ClCompile>
    <ClCompile Include="src\camera.cpp">
      <Filter>Turbine\Source</Filter>
    </ClCompile>
    <ClCompile Include="src\collision.cpp">
      <Filter>Turbine\Source</Filter>
    </ClCompile>
    <ClCompile Include="src\debug.cpp">
      <Filter>Turbine\Source</Filter>
    </ClCompile>
    <ClCompile Include="src\input.cpp">
      <Filter>Turbine\Source</Filter>
    </ClCompile>
    <ClCompile Include="src\object.cpp">
      <Filter>Turbine\Source</Filter>
    </ClCompile>
    <ClCompile Include="src\player.cpp">
      <Filter>Turbine\Source</Filter>
    </ClCompile>
    <ClCompile Include="src\random.cpp">
      <Filter>Turbine\Source</Filter>
    </ClCompile>
    <ClCompile Include="src\rigidrect.cpp">
      <Filter>Turbine\Source</Filter>
    </ClCompile>
    <ClCompile Include="src\shader.cpp">
      <Filter>Turbine\Source</Filter>
    </ClCompile>
    <ClCompile Include="src\sprite.cpp">
      <Filter>Turbine\Source</Filter>
    </ClCompile>
    <ClCompile Include="src\system.cpp">
      <Filter>Turbine\Source</Filter>
    </ClCompile>
    <ClCompile Include="src\tileset.cpp">
      <Filter>Turbine\Source</Filter>
    </ClCompile>
    <ClCompile Include="src\timer.cpp">
      <Filter>Turbine\Source</Filter>
    </ClCompile>
    <ClCompile Include="src\world.cpp">
      <Filter>Turbine\Source</Filter>
    </ClCompile>
    <ClCompile Include="src\Turbine.cpp">
      <Filter>Turbine</Filter>
    </ClCompile>
    <ClCompile Include="src\camera-volume.cpp">
      <Filter>Turbine\Source</Filter>
    </ClCompile>
    <ClCompile Include="src\input-controller.cpp">
      <Filter>Turbine\Source</Filter>
    </ClCompile>
    <ClCompile Include="src\level-editor.cpp">
      <Filter>Turbine\Source</Filter>
    </ClCompile>
    <ClCompile Include="src\mathtypes.cpp">
      <Filter>Turbine\Source</Filter>
    </ClCompile>
    <ClCompile Include="src\particle-editor.cpp">
      <Filter>Turbine\Source</Filter>
    </ClCompile>
    <ClCompile Include="src\particle-emitter.cpp">
      <Filter>Turbine\Source</Filter>
    </ClCompile>
    <ClCompile Include="src\particle-pattern.cpp">
      <Filter>Turbine\Source</Filter>
    </ClCompile>
  </ItemGroup>
  <ItemGroup>
    <ClInclude Include="deps\ImGui\imgui_internal.h">
      <Filter>Deps\ImGui</Filter>
    </ClInclude>
    <ClInclude Include="deps\ImGui\imgui-SFML.h">
      <Filter>Deps\ImGui</Filter>
    </ClInclude>
    <ClInclude Include="deps\ImGui\imgui-SFML_export.h">
      <Filter>Deps\ImGui</Filter>
    </ClInclude>
    <ClInclude Include="deps\ImGui\imstb_rectpack.h">
      <Filter>Deps\ImGui</Filter>
    </ClInclude>
    <ClInclude Include="deps\ImGui\imstb_textedit.h">
      <Filter>Deps\ImGui</Filter>
    </ClInclude>
    <ClInclude Include="deps\ImGui\imstb_truetype.h">
      <Filter>Deps\ImGui</Filter>
    </ClInclude>
    <ClInclude Include="deps\ImGui\imconfig.h">
      <Filter>Deps\ImGui</Filter>
    </ClInclude>
    <ClInclude Include="deps\ImGui\imgui.h">
      <Filter>Deps\ImGui</Filter>
    </ClInclude>
    <ClInclude Include="src\particle.h">
      <Filter>Turbine\Gfx\Particles</Filter>
    </ClInclude>
    <ClInclude Include="src\level.h">
      <Filter>Turbine\Gfx\Level</Filter>
    </ClInclude>
    <ClInclude Include="src\debug.h">
      <Filter>Turbine\Debug</Filter>
    </ClInclude>
    <ClInclude Include="src\shader.h">
      <Filter>Turbine\Gfx</Filter>
    </ClInclude>
    <ClInclude Include="src\sprite.h">
      <Filter>Turbine\Gfx</Filter>
    </ClInclude>
    <ClInclude Include="src\tileset.h">
      <Filter>Turbine\Gfx</Filter>
    </ClInclude>
    <ClInclude Include="src\input.h">
      <Filter>Turbine\Input</Filter>
    </ClInclude>
    <ClInclude Include="src\collision.h">
      <Filter>Turbine\Math</Filter>
    </ClInclude>
    <ClInclude Include="src\random.h">
      <Filter>Turbine\Math</Filter>
    </ClInclude>
    <ClInclude Include="src\timer.h">
      <Filter>Turbine\Math</Filter>
    </ClInclude>
    <ClInclude Include="src\object.h">
      <Filter>Turbine\Objects</Filter>
    </ClInclude>
    <ClInclude Include="src\rigidrect.h">
      <Filter>Turbine\Objects</Filter>
    </ClInclude>
    <ClInclude Include="src\world.h">
      <Filter>Turbine\Objects</Filter>
    </ClInclude>
    <ClInclude Include="src\global.h">
      <Filter>Turbine</Filter>
    </ClInclude>
    <ClInclude Include="src\camera.h">
      <Filter>Turbine\Gfx\Camera</Filter>
    </ClInclude>
    <ClInclude Include="src\system.h">
      <Filter>Turbine</Filter>
    </ClInclude>
    <ClInclude Include="src\particle-editor.h">
      <Filter>Turbine\Gfx\Particles</Filter>
    </ClInclude>
    <ClInclude Include="src\particle-emitter.h">
      <Filter>Turbine\Gfx\Particles</Filter>
    </ClInclude>
    <ClInclude Include="src\particle-pattern.h">
      <Filter>Turbine\Gfx\Particles</Filter>
    </ClInclude>
    <ClInclude Include="src\mathtypes.h">
      <Filter>Turbine\Math</Filter>
    </ClInclude>
    <ClInclude Include="src\level-editor.h">
      <Filter>Turbine\Gfx\Level</Filter>
    </ClInclude>
    <ClInclude Include="src\level-pattern.h">
      <Filter>Turbine\Gfx\Level</Filter>
    </ClInclude>
    <ClInclude Include="src\camera-volume.h">
      <Filter>Turbine\Gfx\Camera</Filter>
    </ClInclude>
    <ClInclude Include="src\player.h">
      <Filter>Turbine\Game</Filter>
    </ClInclude>
    <ClInclude Include="src\input-controller.h">
      <Filter>Turbine\Input</Filter>
    </ClInclude>
  </ItemGroup>
</Project>